{
    "name": "anxh3l0.github.io",
    "lockfileVersion": 3,
    "requires": true,
    "packages": {
        "": {
            "dependencies": {
                "@tailwindcss/forms": "^0.5.10"
            },
            "devDependencies": {
                "@tailwindcss/typography": "^0.5.16",
                "concurrently": "^9.1.2",
                "prettier": "^3.5.3",
                "prettier-plugin-tailwindcss": "^0.6.11",
                "tailwindcss": "^4.0.17"
            }
        },
        "node_modules/@tailwindcss/forms": {
            "version": "0.5.10",
            "resolved": "https://registry.npmjs.org/@tailwindcss/forms/-/forms-0.5.10.tgz",
            "integrity": "sha512-utI1ONF6uf/pPNO68kmN1b8rEwNXv3czukalo8VtJH8ksIkZXr3Q3VYudZLkCsDd4Wku120uF02hYK25XGPorw==",
            "dependencies": {
                "mini-svg-data-uri": "^1.2.3"
            },
            "peerDependencies": {
                "tailwindcss": ">=3.0.0 || >= 3.0.0-alpha.1 || >= 4.0.0-alpha.20 || >= 4.0.0-beta.1"
            }
        },
        "node_modules/@tailwindcss/typography": {
            "version": "0.5.16",
            "resolved": "https://registry.npmjs.org/@tailwindcss/typography/-/typography-0.5.16.tgz",
            "integrity": "sha512-0wDLwCVF5V3x3b1SGXPCDcdsbDHMBe+lkFzBRaHeLvNi+nrrnZ1lA18u+OTWO8iSWU2GxUOCvlXtDuqftc1oiA==",
            "dev": true,
            "dependencies": {
                "lodash.castarray": "^4.4.0",
                "lodash.isplainobject": "^4.0.6",
                "lodash.merge": "^4.6.2",
                "postcss-selector-parser": "6.0.10"
            },
            "peerDependencies": {
                "tailwindcss": ">=3.0.0 || insiders || >=4.0.0-alpha.20 || >=4.0.0-beta.1"
            }
        },
        "node_modules/ansi-regex": {
            "version": "5.0.1",
            "resolved": "https://registry.npmjs.org/ansi-regex/-/ansi-regex-5.0.1.tgz",
            "integrity": "sha512-quJQXlTSUGL2LH9SUXo8VwsY4soanhgo6LNSm84E1LBcE8s3O0wpdiRzyR9z/ZZJMlMWv37qOOb9pdJlMUEKFQ==",
            "dev": true,
            "engines": {
                "node": ">=8"
            }
        },
        "node_modules/ansi-styles": {
            "version": "4.3.0",
            "resolved": "https://registry.npmjs.org/ansi-styles/-/ansi-styles-4.3.0.tgz",
            "integrity": "sha512-zbB9rCJAT1rbjiVDb2hqKFHNYLxgtk8NURxZ3IZwD3F6NtxbXZQCnnSi1Lkx+IDohdPlFp222wVALIheZJQSEg==",
            "dev": true,
            "dependencies": {
                "color-convert": "^2.0.1"
            },
            "engines": {
                "node": ">=8"
            },
            "funding": {
                "url": "https://github.com/chalk/ansi-styles?sponsor=1"
            }
        },
        "node_modules/chalk": {
            "version": "4.1.2",
            "resolved": "https://registry.npmjs.org/chalk/-/chalk-4.1.2.tgz",
            "integrity": "sha512-oKnbhFyRIXpUuez8iBMmyEa4nbj4IOQyuhc/wy9kY7/WVPcwIO9VA668Pu8RkO7+0G76SLROeyw9CpQ061i4mA==",
            "dev": true,
            "dependencies": {
                "ansi-styles": "^4.1.0",
                "supports-color": "^7.1.0"
            },
            "engines": {
                "node": ">=10"
            },
            "funding": {
                "url": "https://github.com/chalk/chalk?sponsor=1"
            }
        },
        "node_modules/chalk/node_modules/supports-color": {
            "version": "7.2.0",
            "resolved": "https://registry.npmjs.org/supports-color/-/supports-color-7.2.0.tgz",
            "integrity": "sha512-qpCAvRl9stuOHveKsn7HncJRvv501qIacKzQlO/+Lwxc9+0q2wLyv4Dfvt80/DPn2pqOBsJdDiogXGR9+OvwRw==",
            "dev": true,
            "dependencies": {
                "has-flag": "^4.0.0"
            },
            "engines": {
                "node": ">=8"
            }
        },
        "node_modules/cliui": {
            "version": "8.0.1",
            "resolved": "https://registry.npmjs.org/cliui/-/cliui-8.0.1.tgz",
            "integrity": "sha512-BSeNnyus75C4//NQ9gQt1/csTXyo/8Sb+afLAkzAptFuMsod9HFokGNudZpi/oQV73hnVK+sR+5PVRMd+Dr7YQ==",
            "dev": true,
            "dependencies": {
                "string-width": "^4.2.0",
                "strip-ansi": "^6.0.1",
                "wrap-ansi": "^7.0.0"
            },
            "engines": {
                "node": ">=12"
            }
        },
        "node_modules/color-convert": {
            "version": "2.0.1",
            "resolved": "https://registry.npmjs.org/color-convert/-/color-convert-2.0.1.tgz",
            "integrity": "sha512-RRECPsj7iu/xb5oKYcsFHSppFNnsj/52OVTRKb4zP5onXwVF3zVmmToNcOfGC+CRDpfK/U584fMg38ZHCaElKQ==",
            "dev": true,
            "dependencies": {
                "color-name": "~1.1.4"
            },
            "engines": {
                "node": ">=7.0.0"
            }
        },
        "node_modules/color-name": {
            "version": "1.1.4",
            "resolved": "https://registry.npmjs.org/color-name/-/color-name-1.1.4.tgz",
            "integrity": "sha512-dOy+3AuW3a2wNbZHIuMZpTcgjGuLU/uBL/ubcZF9OXbDo8ff4O8yVp5Bf0efS8uEoYo5q4Fx7dY9OgQGXgAsQA==",
            "dev": true
        },
        "node_modules/concurrently": {
            "version": "9.1.2",
            "resolved": "https://registry.npmjs.org/concurrently/-/concurrently-9.1.2.tgz",
            "integrity": "sha512-H9MWcoPsYddwbOGM6difjVwVZHl63nwMEwDJG/L7VGtuaJhb12h2caPG2tVPWs7emuYix252iGfqOyrz1GczTQ==",
            "dev": true,
            "dependencies": {
                "chalk": "^4.1.2",
                "lodash": "^4.17.21",
                "rxjs": "^7.8.1",
                "shell-quote": "^1.8.1",
                "supports-color": "^8.1.1",
                "tree-kill": "^1.2.2",
                "yargs": "^17.7.2"
            },
            "bin": {
                "conc": "dist/bin/concurrently.js",
                "concurrently": "dist/bin/concurrently.js"
            },
            "engines": {
                "node": ">=18"
            },
            "funding": {
                "url": "https://github.com/open-cli-tools/concurrently?sponsor=1"
            }
        },
        "node_modules/cssesc": {
            "version": "3.0.0",
            "resolved": "https://registry.npmjs.org/cssesc/-/cssesc-3.0.0.tgz",
            "integrity": "sha512-/Tb/JcjK111nNScGob5MNtsntNM1aCNUDipB/TkwZFhyDrrE47SOx/18wF2bbjgc3ZzCSKW1T5nt5EbFoAz/Vg==",
            "dev": true,
            "bin": {
                "cssesc": "bin/cssesc"
            },
            "engines": {
                "node": ">=4"
            }
        },
        "node_modules/emoji-regex": {
            "version": "8.0.0",
            "resolved": "https://registry.npmjs.org/emoji-regex/-/emoji-regex-8.0.0.tgz",
            "integrity": "sha512-MSjYzcWNOA0ewAHpz0MxpYFvwg6yjy1NG3xteoqz644VCo/RPgnr1/GGt+ic3iJTzQ8Eu3TdM14SawnVUmGE6A==",
            "dev": true
        },
        "node_modules/escalade": {
            "version": "3.2.0",
            "resolved": "https://registry.npmjs.org/escalade/-/escalade-3.2.0.tgz",
            "integrity": "sha512-WUj2qlxaQtO4g6Pq5c29GTcWGDyd8itL8zTlipgECz3JesAiiOKotd8JU6otB3PACgG6xkJUyVhboMS+bje/jA==",
            "dev": true,
            "engines": {
                "node": ">=6"
            }
        },
        "node_modules/get-caller-file": {
            "version": "2.0.5",
            "resolved": "https://registry.npmjs.org/get-caller-file/-/get-caller-file-2.0.5.tgz",
            "integrity": "sha512-DyFP3BM/3YHTQOCUL/w0OZHR0lpKeGrxotcHWcqNEdnltqFwXVfhEBQ94eIo34AfQpo0rGki4cyIiftY06h2Fg==",
            "dev": true,
            "engines": {
                "node": "6.* || 8.* || >= 10.*"
            }
        },
        "node_modules/has-flag": {
            "version": "4.0.0",
            "resolved": "https://registry.npmjs.org/has-flag/-/has-flag-4.0.0.tgz",
            "integrity": "sha512-EykJT/Q1KjTWctppgIAgfSO0tKVuZUjhgMr17kqTumMl6Afv3EISleU7qZUzoXDFTAHTDC4NOoG/ZxU3EvlMPQ==",
            "dev": true,
            "engines": {
                "node": ">=8"
            }
        },
        "node_modules/is-fullwidth-code-point": {
            "version": "3.0.0",
            "resolved": "https://registry.npmjs.org/is-fullwidth-code-point/-/is-fullwidth-code-point-3.0.0.tgz",
            "integrity": "sha512-zymm5+u+sCsSWyD9qNaejV3DFvhCKclKdizYaJUuHA83RLjb7nSuGnddCHGv0hk+KY7BMAlsWeK4Ueg6EV6XQg==",
            "dev": true,
            "engines": {
                "node": ">=8"
            }
        },
        "node_modules/lodash": {
            "version": "4.17.21",
            "resolved": "https://registry.npmjs.org/lodash/-/lodash-4.17.21.tgz",
            "integrity": "sha512-v2kDEe57lecTulaDIuNTPy3Ry4gLGJ6Z1O3vE1krgXZNrsQ+LFTGHVxVjcXPs17LhbZVGedAJv8XZ1tvj5FvSg==",
            "dev": true
        },
        "node_modules/lodash.castarray": {
            "version": "4.4.0",
            "resolved": "https://registry.npmjs.org/lodash.castarray/-/lodash.castarray-4.4.0.tgz",
            "integrity": "sha512-aVx8ztPv7/2ULbArGJ2Y42bG1mEQ5mGjpdvrbJcJFU3TbYybe+QlLS4pst9zV52ymy2in1KpFPiZnAOATxD4+Q==",
            "dev": true
        },
        "node_modules/lodash.isplainobject": {
            "version": "4.0.6",
            "resolved": "https://registry.npmjs.org/lodash.isplainobject/-/lodash.isplainobject-4.0.6.tgz",
            "integrity": "sha512-oSXzaWypCMHkPC3NvBEaPHf0KsA5mvPrOPgQWDsbg8n7orZ290M0BmC/jgRZ4vcJ6DTAhjrsSYgdsW/F+MFOBA==",
            "dev": true
        },
        "node_modules/lodash.merge": {
            "version": "4.6.2",
            "resolved": "https://registry.npmjs.org/lodash.merge/-/lodash.merge-4.6.2.tgz",
            "integrity": "sha512-0KpjqXRVvrYyCsX1swR/XTK0va6VQkQM6MNo7PqW77ByjAhoARA8EfrP1N4+KlKj8YS0ZUCtRT/YUuhyYDujIQ==",
            "dev": true
        },
        "node_modules/mini-svg-data-uri": {
            "version": "1.4.4",
            "resolved": "https://registry.npmjs.org/mini-svg-data-uri/-/mini-svg-data-uri-1.4.4.tgz",
            "integrity": "sha512-r9deDe9p5FJUPZAk3A59wGH7Ii9YrjjWw0jmw/liSbHl2CHiyXj6FcDXDu2K3TjVAXqiJdaw3xxwlZZr9E6nHg==",
            "bin": {
                "mini-svg-data-uri": "cli.js"
            }
        },
        "node_modules/postcss-selector-parser": {
            "version": "6.0.10",
            "resolved": "https://registry.npmjs.org/postcss-selector-parser/-/postcss-selector-parser-6.0.10.tgz",
            "integrity": "sha512-IQ7TZdoaqbT+LCpShg46jnZVlhWD2w6iQYAcYXfHARZ7X1t/UGhhceQDs5X0cGqKvYlHNOuv7Oa1xmb0oQuA3w==",
            "dev": true,
            "dependencies": {
                "cssesc": "^3.0.0",
                "util-deprecate": "^1.0.2"
            },
            "engines": {
                "node": ">=4"
            }
        },
        "node_modules/prettier": {
            "version": "3.5.3",
            "resolved": "https://registry.npmjs.org/prettier/-/prettier-3.5.3.tgz",
            "integrity": "sha512-QQtaxnoDJeAkDvDKWCLiwIXkTgRhwYDEQCghU9Z6q03iyek/rxRh/2lC3HB7P8sWT2xC/y5JDctPLBIGzHKbhw==",
            "dev": true,
            "bin": {
                "prettier": "bin/prettier.cjs"
            },
            "engines": {
                "node": ">=14"
            },
            "funding": {
                "url": "https://github.com/prettier/prettier?sponsor=1"
            }
        },
        "node_modules/prettier-plugin-tailwindcss": {
            "version": "0.6.11",
            "resolved": "https://registry.npmjs.org/prettier-plugin-tailwindcss/-/prettier-plugin-tailwindcss-0.6.11.tgz",
            "integrity": "sha512-YxaYSIvZPAqhrrEpRtonnrXdghZg1irNg4qrjboCXrpybLWVs55cW2N3juhspVJiO0JBvYJT8SYsJpc8OQSnsA==",
            "dev": true,
            "engines": {
                "node": ">=14.21.3"
            },
            "peerDependencies": {
                "@ianvs/prettier-plugin-sort-imports": "*",
                "@prettier/plugin-pug": "*",
                "@shopify/prettier-plugin-liquid": "*",
                "@trivago/prettier-plugin-sort-imports": "*",
                "@zackad/prettier-plugin-twig": "*",
                "prettier": "^3.0",
                "prettier-plugin-astro": "*",
                "prettier-plugin-css-order": "*",
                "prettier-plugin-import-sort": "*",
                "prettier-plugin-jsdoc": "*",
                "prettier-plugin-marko": "*",
                "prettier-plugin-multiline-arrays": "*",
                "prettier-plugin-organize-attributes": "*",
                "prettier-plugin-organize-imports": "*",
                "prettier-plugin-sort-imports": "*",
                "prettier-plugin-style-order": "*",
                "prettier-plugin-svelte": "*"
            },
            "peerDependenciesMeta": {
                "@ianvs/prettier-plugin-sort-imports": {
                    "optional": true
                },
                "@prettier/plugin-pug": {
                    "optional": true
                },
                "@shopify/prettier-plugin-liquid": {
                    "optional": true
                },
                "@trivago/prettier-plugin-sort-imports": {
                    "optional": true
                },
                "@zackad/prettier-plugin-twig": {
                    "optional": true
                },
                "prettier-plugin-astro": {
                    "optional": true
                },
                "prettier-plugin-css-order": {
                    "optional": true
                },
                "prettier-plugin-import-sort": {
                    "optional": true
                },
                "prettier-plugin-jsdoc": {
                    "optional": true
                },
                "prettier-plugin-marko": {
                    "optional": true
                },
                "prettier-plugin-multiline-arrays": {
                    "optional": true
                },
                "prettier-plugin-organize-attributes": {
                    "optional": true
                },
                "prettier-plugin-organize-imports": {
                    "optional": true
                },
                "prettier-plugin-sort-imports": {
                    "optional": true
                },
                "prettier-plugin-style-order": {
                    "optional": true
                },
                "prettier-plugin-svelte": {
                    "optional": true
                }
            }
        },
        "node_modules/require-directory": {
            "version": "2.1.1",
            "resolved": "https://registry.npmjs.org/require-directory/-/require-directory-2.1.1.tgz",
            "integrity": "sha512-fGxEI7+wsG9xrvdjsrlmL22OMTTiHRwAMroiEeMgq8gzoLC/PQr7RsRDSTLUg/bZAZtF+TVIkHc6/4RIKrui+Q==",
            "dev": true,
            "engines": {
                "node": ">=0.10.0"
            }
        },
        "node_modules/rxjs": {
            "version": "7.8.2",
            "resolved": "https://registry.npmjs.org/rxjs/-/rxjs-7.8.2.tgz",
            "integrity": "sha512-dhKf903U/PQZY6boNNtAGdWbG85WAbjT/1xYoZIC7FAY0yWapOBQVsVrDl58W86//e1VpMNBtRV4MaXfdMySFA==",
            "dev": true,
            "dependencies": {
                "tslib": "^2.1.0"
            }
        },
        "node_modules/shell-quote": {
            "version": "1.8.2",
            "resolved": "https://registry.npmjs.org/shell-quote/-/shell-quote-1.8.2.tgz",
            "integrity": "sha512-AzqKpGKjrj7EM6rKVQEPpB288oCfnrEIuyoT9cyF4nmGa7V8Zk6f7RRqYisX8X9m+Q7bd632aZW4ky7EhbQztA==",
            "dev": true,
            "engines": {
                "node": ">= 0.4"
            },
            "funding": {
                "url": "https://github.com/sponsors/ljharb"
            }
        },
        "node_modules/string-width": {
            "version": "4.2.3",
            "resolved": "https://registry.npmjs.org/string-width/-/string-width-4.2.3.tgz",
            "integrity": "sha512-wKyQRQpjJ0sIp62ErSZdGsjMJWsap5oRNihHhu6G7JVO/9jIB6UyevL+tXuOqrng8j/cxKTWyWUwvSTriiZz/g==",
            "dev": true,
            "dependencies": {
                "emoji-regex": "^8.0.0",
                "is-fullwidth-code-point": "^3.0.0",
                "strip-ansi": "^6.0.1"
            },
            "engines": {
                "node": ">=8"
            }
        },
        "node_modules/strip-ansi": {
            "version": "6.0.1",
            "resolved": "https://registry.npmjs.org/strip-ansi/-/strip-ansi-6.0.1.tgz",
            "integrity": "sha512-Y38VPSHcqkFrCpFnQ9vuSXmquuv5oXOKpGeT6aGrr3o3Gc9AlVa6JBfUSOCnbxGGZF+/0ooI7KrPuUSztUdU5A==",
            "dev": true,
            "dependencies": {
                "ansi-regex": "^5.0.1"
            },
            "engines": {
                "node": ">=8"
            }
        },
        "node_modules/supports-color": {
            "version": "8.1.1",
            "resolved": "https://registry.npmjs.org/supports-color/-/supports-color-8.1.1.tgz",
            "integrity": "sha512-MpUEN2OodtUzxvKQl72cUF7RQ5EiHsGvSsVG0ia9c5RbWGL2CI4C7EpPS8UTBIplnlzZiNuV56w+FuNxy3ty2Q==",
            "dev": true,
            "dependencies": {
                "has-flag": "^4.0.0"
            },
            "engines": {
                "node": ">=10"
            },
            "funding": {
                "url": "https://github.com/chalk/supports-color?sponsor=1"
            }
        },
        "node_modules/tailwindcss": {
            "version": "4.0.17",
            "resolved": "https://registry.npmjs.org/tailwindcss/-/tailwindcss-4.0.17.tgz",
            "integrity": "sha512-OErSiGzRa6rLiOvaipsDZvLMSpsBZ4ysB4f0VKGXUrjw2jfkJRd6kjRKV2+ZmTCNvwtvgdDam5D7w6WXsdLJZw=="
        },
        "node_modules/tree-kill": {
            "version": "1.2.2",
            "resolved": "https://registry.npmjs.org/tree-kill/-/tree-kill-1.2.2.tgz",
            "integrity": "sha512-L0Orpi8qGpRG//Nd+H90vFB+3iHnue1zSSGmNOOCh1GLJ7rUKVwV2HvijphGQS2UmhUZewS9VgvxYIdgr+fG1A==",
            "dev": true,
            "bin": {
                "tree-kill": "cli.js"
            }
        },
        "node_modules/tslib": {
            "version": "2.8.1",
            "resolved": "https://registry.npmjs.org/tslib/-/tslib-2.8.1.tgz",
            "integrity": "sha512-oJFu94HQb+KVduSUQL7wnpmqnfmLsOA/nAh6b6EH0wCEoK0/mPeXU6c3wKDV83MkOuHPRHtSXKKU99IBazS/2w==",
            "dev": true
        },
        "node_modules/util-deprecate": {
            "version": "1.0.2",
            "resolved": "https://registry.npmjs.org/util-deprecate/-/util-deprecate-1.0.2.tgz",
            "integrity": "sha512-EPD5q1uXyFxJpCrLnCc1nHnq3gOa6DZBocAIiI2TaSCA7VCJ1UJDMagCzIkXNsUYfD1daK//LTEQ8xiIbrHtcw==",
            "dev": true
        },
        "node_modules/wrap-ansi": {
            "version": "7.0.0",
            "resolved": "https://registry.npmjs.org/wrap-ansi/-/wrap-ansi-7.0.0.tgz",
            "integrity": "sha512-YVGIj2kamLSTxw6NsZjoBxfSwsn0ycdesmc4p+Q21c5zPuZ1pl+NfxVdxPtdHvmNVOQ6XSYG4AUtyt/Fi7D16Q==",
            "dev": true,
            "dependencies": {
                "ansi-styles": "^4.0.0",
                "string-width": "^4.1.0",
                "strip-ansi": "^6.0.0"
            },
            "engines": {
                "node": ">=10"
            },
            "funding": {
                "url": "https://github.com/chalk/wrap-ansi?sponsor=1"
            }
        },
        "node_modules/y18n": {
            "version": "5.0.8",
            "resolved": "https://registry.npmjs.org/y18n/-/y18n-5.0.8.tgz",
            "integrity": "sha512-0pfFzegeDWJHJIAmTLRP2DwHjdF5s7jo9tuztdQxAhINCdvS+3nGINqPd00AphqJR/0LhANUS6/+7SCb98YOfA==",
            "dev": true,
            "engines": {
                "node": ">=10"
            }
        },
        "node_modules/yargs": {
            "version": "17.7.2",
            "resolved": "https://registry.npmjs.org/yargs/-/yargs-17.7.2.tgz",
            "integrity": "sha512-7dSzzRQ++CKnNI/krKnYRV7JKKPUXMEh61soaHKg9mrWEhzFWhFnxPxGl+69cD1Ou63C13NUPCnmIcrvqCuM6w==",
            "dev": true,
            "dependencies": {
                "cliui": "^8.0.1",
                "escalade": "^3.1.1",
                "get-caller-file": "^2.0.5",
                "require-directory": "^2.1.1",
                "string-width": "^4.2.3",
                "y18n": "^5.0.5",
                "yargs-parser": "^21.1.1"
            },
            "engines": {
                "node": ">=12"
            }
        },
        "node_modules/yargs-parser": {
            "version": "21.1.1",
            "resolved": "https://registry.npmjs.org/yargs-parser/-/yargs-parser-21.1.1.tgz",
            "integrity": "sha512-tVpsJW7DdjecAiFpbIB1e3qxIQsE6NoPc5/eTdrbbIC4h0LVsWhnoa3g+m2HclBIujHzsxZ4VJVA+GUuc2/LBw==",
            "dev": true,
            "engines": {
                "node": ">=12"
            }
        }
    }
}
